
Microsoft Visual Studio Solution File, Format Version 12.00
# Visual Studio Version 17
VisualStudioVersion = 17.7.34031.279
MinimumVisualStudioVersion = 10.0.40219.1
Project("{FAE04EC0-301F-11D3-BF4B-00C04F79EFBC}") = "Calcule de Moyenne", "Calcule de Moyenne.csproj", "{5C5A8E2B-A4F1-4E15-8AE3-4DA01A6AD91C}"
EndProject
Global
	GlobalSection(SolutionConfigurationPlatforms) = preSolution
		Debug|Any CPU = Debug|Any CPU
		Release|Any CPU = Release|Any CPU
	EndGlobalSection
	GlobalSection(ProjectConfigurationPlatforms) = postSolution
		{5C5A8E2B-A4F1-4E15-8AE3-4DA01A6AD91C}.Debug|Any CPU.ActiveCfg = Debug|Any CPU
		{5C5A8E2B-A4F1-4E15-8AE3-4DA01A6AD91C}.Debug|Any CPU.Build.0 = Debug|Any CPU
		{5C5A8E2B-A4F1-4E15-8AE3-4DA01A6AD91C}.Release|Any CPU.ActiveCfg = Release|Any CPU
		{5C5A8E2B-A4F1-4E15-8AE3-4DA01A6AD91C}.Release|Any CPU.Build.0 = Release|Any CPU
	EndGlobalSection
	GlobalSection(SolutionProperties) = preSolution
		HideSolutionNode = FALSE
	EndGlobalSection
	GlobalSection(ExtensibilityGlobals) = postSolution
		SolutionGuid = {534F0C4C-3BF5-49F9-84B0-271F9509A7DB}
	EndGlobalSection
EndGlobal
